
Microsoft Visual Studio Solution File, Format Version 12.00
# Visual Studio Version 16
VisualStudioVersion = 16.0.33529.622
MinimumVisualStudioVersion = 10.0.40219.1
Project("{FAE04EC0-301F-11D3-BF4B-00C04F79EFBC}") = "DZ_2", "DZ_2\DZ_2.csproj", "{552E3633-4D7D-4927-BEE4-40D815E13497}"
EndProject
Project("{FAE04EC0-301F-11D3-BF4B-00C04F79EFBC}") = "DZ_2.2", "DZ_2.2\DZ_2.2.csproj", "{98BE9C5E-3233-462C-BA88-940811205851}"
EndProject
Project("{FAE04EC0-301F-11D3-BF4B-00C04F79EFBC}") = "DZ_2.3", "DZ_2.3\DZ_2.3.csproj", "{3BAC7C8B-CC40-4AE8-AC2A-0A799615E306}"
EndProject
Global
	GlobalSection(SolutionConfigurationPlatforms) = preSolution
		Debug|Any CPU = Debug|Any CPU
		Release|Any CPU = Release|Any CPU
	EndGlobalSection
	GlobalSection(ProjectConfigurationPlatforms) = postSolution
		{552E3633-4D7D-4927-BEE4-40D815E13497}.Debug|Any CPU.ActiveCfg = Debug|Any CPU
		{552E3633-4D7D-4927-BEE4-40D815E13497}.Debug|Any CPU.Build.0 = Debug|Any CPU
		{552E3633-4D7D-4927-BEE4-40D815E13497}.Release|Any CPU.ActiveCfg = Release|Any CPU
		{552E3633-4D7D-4927-BEE4-40D815E13497}.Release|Any CPU.Build.0 = Release|Any CPU
		{98BE9C5E-3233-462C-BA88-940811205851}.Debug|Any CPU.ActiveCfg = Debug|Any CPU
		{98BE9C5E-3233-462C-BA88-940811205851}.Debug|Any CPU.Build.0 = Debug|Any CPU
		{98BE9C5E-3233-462C-BA88-940811205851}.Release|Any CPU.ActiveCfg = Release|Any CPU
		{98BE9C5E-3233-462C-BA88-940811205851}.Release|Any CPU.Build.0 = Release|Any CPU
		{3BAC7C8B-CC40-4AE8-AC2A-0A799615E306}.Debug|Any CPU.ActiveCfg = Debug|Any CPU
		{3BAC7C8B-CC40-4AE8-AC2A-0A799615E306}.Debug|Any CPU.Build.0 = Debug|Any CPU
		{3BAC7C8B-CC40-4AE8-AC2A-0A799615E306}.Release|Any CPU.ActiveCfg = Release|Any CPU
		{3BAC7C8B-CC40-4AE8-AC2A-0A799615E306}.Release|Any CPU.Build.0 = Release|Any CPU
	EndGlobalSection
	GlobalSection(SolutionProperties) = preSolution
		HideSolutionNode = FALSE
	EndGlobalSection
	GlobalSection(ExtensibilityGlobals) = postSolution
		SolutionGuid = {77D41E44-DEE9-4F41-AA84-3F2877253790}
	EndGlobalSection
EndGlobal
